{
  "name": "chess-engine",
  "version": "1.0.0",
  "lockfileVersion": 2,
  "requires": true,
  "packages": {
    "": {
      "version": "1.0.0",
      "license": "ISC",
      "dependencies": {
        "chess.js": "^0.13.3"
      },
      "devDependencies": {
        "@types/chess.js": "^0.13.2"
      }
    },
    "node_modules/@types/chess.js": {
      "version": "0.13.2",
      "resolved": "https://registry.npmjs.org/@types/chess.js/-/chess.js-0.13.2.tgz",
      "integrity": "sha512-JEskkK0+rirQmbax2ap/kwwEbBaoKOqZHMemTjOVOCa5H1TvOjTHiJoR+H4aMhi5+dS3X3M+GJKZEuG3IcVZ7w==",
      "dev": true
    },
    "node_modules/chess.js": {
      "version": "0.13.3",
      "resolved": "https://registry.npmjs.org/chess.js/-/chess.js-0.13.3.tgz",
      "integrity": "sha512-qQnWyoMYvi9nzF7RgtKgqMyS+OhlbCcc2KbWKs1Vo1/r0aKvJfqeFhRUukp7CD3yZhtttt5k0pPjkkbi9ZXxhg=="
    }
  },
  "dependencies": {
    "@types/chess.js": {
      "version": "0.13.2",
      "resolved": "https://registry.npmjs.org/@types/chess.js/-/chess.js-0.13.2.tgz",
      "integrity": "sha512-JEskkK0+rirQmbax2ap/kwwEbBaoKOqZHMemTjOVOCa5H1TvOjTHiJoR+H4aMhi5+dS3X3M+GJKZEuG3IcVZ7w==",
      "dev": true
    },
    "chess.js": {
      "version": "0.13.3",
      "resolved": "https://registry.npmjs.org/chess.js/-/chess.js-0.13.3.tgz",
      "integrity": "sha512-qQnWyoMYvi9nzF7RgtKgqMyS+OhlbCcc2KbWKs1Vo1/r0aKvJfqeFhRUukp7CD3yZhtttt5k0pPjkkbi9ZXxhg=="
    }
  }
}
